
Microsoft Visual Studio Solution File, Format Version 12.00
# Visual Studio Version 16
VisualStudioVersion = 16.0.29411.108
MinimumVisualStudioVersion = 10.0.40219.1
Project("{9A19103F-16F7-4668-BE54-9A1E7A4F7556}") = "TestMsal", "TestMsal\TestMsal.csproj", "{94E4FE3B-42F0-41E1-B696-EB1B0B8972DE}"
EndProject
Project("{FAE04EC0-301F-11D3-BF4B-00C04F79EFBC}") = "Executable", "Executable\Executable.csproj", "{771282BD-5CEA-462D-98E7-31FF069AE6E5}"
EndProject
Project("{FAE04EC0-301F-11D3-BF4B-00C04F79EFBC}") = "CacheSpToken", "CacheSpToken\CacheSpToken.csproj", "{89C7ED18-9A35-4EB2-BDEC-6B2AD619B6E4}"
EndProject
Global
	GlobalSection(SolutionConfigurationPlatforms) = preSolution
		Debug|Any CPU = Debug|Any CPU
		Release|Any CPU = Release|Any CPU
	EndGlobalSection
	GlobalSection(ProjectConfigurationPlatforms) = postSolution
		{94E4FE3B-42F0-41E1-B696-EB1B0B8972DE}.Debug|Any CPU.ActiveCfg = Debug|Any CPU
		{94E4FE3B-42F0-41E1-B696-EB1B0B8972DE}.Debug|Any CPU.Build.0 = Debug|Any CPU
		{94E4FE3B-42F0-41E1-B696-EB1B0B8972DE}.Release|Any CPU.ActiveCfg = Release|Any CPU
		{94E4FE3B-42F0-41E1-B696-EB1B0B8972DE}.Release|Any CPU.Build.0 = Release|Any CPU
		{771282BD-5CEA-462D-98E7-31FF069AE6E5}.Debug|Any CPU.ActiveCfg = Debug|Any CPU
		{771282BD-5CEA-462D-98E7-31FF069AE6E5}.Debug|Any CPU.Build.0 = Debug|Any CPU
		{771282BD-5CEA-462D-98E7-31FF069AE6E5}.Release|Any CPU.ActiveCfg = Release|Any CPU
		{771282BD-5CEA-462D-98E7-31FF069AE6E5}.Release|Any CPU.Build.0 = Release|Any CPU
		{89C7ED18-9A35-4EB2-BDEC-6B2AD619B6E4}.Debug|Any CPU.ActiveCfg = Debug|Any CPU
		{89C7ED18-9A35-4EB2-BDEC-6B2AD619B6E4}.Debug|Any CPU.Build.0 = Debug|Any CPU
		{89C7ED18-9A35-4EB2-BDEC-6B2AD619B6E4}.Release|Any CPU.ActiveCfg = Release|Any CPU
		{89C7ED18-9A35-4EB2-BDEC-6B2AD619B6E4}.Release|Any CPU.Build.0 = Release|Any CPU
	EndGlobalSection
	GlobalSection(SolutionProperties) = preSolution
		HideSolutionNode = FALSE
	EndGlobalSection
	GlobalSection(ExtensibilityGlobals) = postSolution
		SolutionGuid = {5470900A-0793-49B2-8B12-AFE3579C0F02}
	EndGlobalSection
EndGlobal
